
Microsoft Visual Studio Solution File, Format Version 12.00
# Visual Studio 2013
VisualStudioVersion = 12.0.30324.0
MinimumVisualStudioVersion = 10.0.40219.1
Project("{FAE04EC0-301F-11D3-BF4B-00C04F79EFBC}") = "Higgins.Web", "Higgins.Web\Higgins.Web.csproj", "{B4F9C525-5C56-440E-B4C2-972A33D7C8CD}"
EndProject
Project("{FAE04EC0-301F-11D3-BF4B-00C04F79EFBC}") = "Higgins.SelfHost", "Higgins.SelfHost\Higgins.SelfHost.csproj", "{ED3C1609-59B1-430E-A221-23796630F16A}"
EndProject
Project("{FAE04EC0-301F-11D3-BF4B-00C04F79EFBC}") = "Higgins.Core", "Higgins.Core\Higgins.Core.csproj", "{B1643F67-04EA-475D-95EE-AFC0AF674199}"
EndProject
Project("{FAE04EC0-301F-11D3-BF4B-00C04F79EFBC}") = "Higgins.Tests", "Higgins.Tests\Higgins.Tests.csproj", "{77C1C303-6F98-45F6-9F38-9C4371A3F7CA}"
EndProject
Global
	GlobalSection(SolutionConfigurationPlatforms) = preSolution
		Debug|Any CPU = Debug|Any CPU
		Release|Any CPU = Release|Any CPU
	EndGlobalSection
	GlobalSection(ProjectConfigurationPlatforms) = postSolution
		{B4F9C525-5C56-440E-B4C2-972A33D7C8CD}.Debug|Any CPU.ActiveCfg = Debug|Any CPU
		{B4F9C525-5C56-440E-B4C2-972A33D7C8CD}.Debug|Any CPU.Build.0 = Debug|Any CPU
		{B4F9C525-5C56-440E-B4C2-972A33D7C8CD}.Release|Any CPU.ActiveCfg = Release|Any CPU
		{B4F9C525-5C56-440E-B4C2-972A33D7C8CD}.Release|Any CPU.Build.0 = Release|Any CPU
		{ED3C1609-59B1-430E-A221-23796630F16A}.Debug|Any CPU.ActiveCfg = Debug|Any CPU
		{ED3C1609-59B1-430E-A221-23796630F16A}.Debug|Any CPU.Build.0 = Debug|Any CPU
		{ED3C1609-59B1-430E-A221-23796630F16A}.Release|Any CPU.ActiveCfg = Release|Any CPU
		{ED3C1609-59B1-430E-A221-23796630F16A}.Release|Any CPU.Build.0 = Release|Any CPU
		{B1643F67-04EA-475D-95EE-AFC0AF674199}.Debug|Any CPU.ActiveCfg = Debug|Any CPU
		{B1643F67-04EA-475D-95EE-AFC0AF674199}.Debug|Any CPU.Build.0 = Debug|Any CPU
		{B1643F67-04EA-475D-95EE-AFC0AF674199}.Release|Any CPU.ActiveCfg = Release|Any CPU
		{B1643F67-04EA-475D-95EE-AFC0AF674199}.Release|Any CPU.Build.0 = Release|Any CPU
		{77C1C303-6F98-45F6-9F38-9C4371A3F7CA}.Debug|Any CPU.ActiveCfg = Debug|Any CPU
		{77C1C303-6F98-45F6-9F38-9C4371A3F7CA}.Debug|Any CPU.Build.0 = Debug|Any CPU
		{77C1C303-6F98-45F6-9F38-9C4371A3F7CA}.Release|Any CPU.ActiveCfg = Release|Any CPU
		{77C1C303-6F98-45F6-9F38-9C4371A3F7CA}.Release|Any CPU.Build.0 = Release|Any CPU
	EndGlobalSection
	GlobalSection(SolutionProperties) = preSolution
		HideSolutionNode = FALSE
	EndGlobalSection
EndGlobal
